
Microsoft Visual Studio Solution File, Format Version 11.00
# Visual Studio 2010
Project("{8BC9CEB8-8B4A-11D0-8D11-00A0C91BC942}") = "lib", "lib.vcxproj", "{7F855A0D-8EEF-B25E-A78A-D131B064548D}"
EndProject
Project("{8BC9CEB8-8B4A-11D0-8D11-00A0C91BC942}") = "mail", "mail.vcxproj", "{7E7B9DC8-54B6-90C2-D79B-0AB44512BC4F}"
EndProject
Global
	GlobalSection(SolutionConfigurationPlatforms) = preSolution
		Debug|Win32 = Debug|Win32
		Release|Win32 = Release|Win32
		Template|Win32 = Template|Win32
	EndGlobalSection
	GlobalSection(ProjectConfigurationPlatforms) = postSolution
		{7F855A0D-8EEF-B25E-A78A-D131B064548D}.Debug|Win32.ActiveCfg = Debug|Win32
		{7F855A0D-8EEF-B25E-A78A-D131B064548D}.Debug|Win32.Build.0 = Debug|Win32
		{7F855A0D-8EEF-B25E-A78A-D131B064548D}.Release|Win32.ActiveCfg = Release|Win32
		{7F855A0D-8EEF-B25E-A78A-D131B064548D}.Release|Win32.Build.0 = Release|Win32
		{7F855A0D-8EEF-B25E-A78A-D131B064548D}.Template|Win32.ActiveCfg = Release|Win32
		{7F855A0D-8EEF-B25E-A78A-D131B064548D}.Template|Win32.Build.0 = Release|Win32
		{7E7B9DC8-54B6-90C2-D79B-0AB44512BC4F}.Debug|Win32.ActiveCfg = Debug|Win32
		{7E7B9DC8-54B6-90C2-D79B-0AB44512BC4F}.Debug|Win32.Build.0 = Debug|Win32
		{7E7B9DC8-54B6-90C2-D79B-0AB44512BC4F}.Release|Win32.ActiveCfg = Release|Win32
		{7E7B9DC8-54B6-90C2-D79B-0AB44512BC4F}.Release|Win32.Build.0 = Release|Win32
		{7E7B9DC8-54B6-90C2-D79B-0AB44512BC4F}.Template|Win32.ActiveCfg = Template|Win32
		{7E7B9DC8-54B6-90C2-D79B-0AB44512BC4F}.Template|Win32.Build.0 = Template|Win32
	EndGlobalSection
	GlobalSection(SolutionProperties) = preSolution
		HideSolutionNode = FALSE
	EndGlobalSection
EndGlobal
